
Microsoft Visual Studio Solution File, Format Version 11.00
# Visual Studio 2010
Project("{F184B08F-C81C-45F6-A57F-5ABD9991F28F}") = "CandyJar", "CandyJar\CandyJar.vbproj", "{A60B2230-8B9E-4EEB-8E1A-BF2A4A676C2E}"
EndProject
Global
	GlobalSection(SolutionConfigurationPlatforms) = preSolution
		Debug|x86 = Debug|x86
		Release|x86 = Release|x86
	EndGlobalSection
	GlobalSection(ProjectConfigurationPlatforms) = postSolution
		{A60B2230-8B9E-4EEB-8E1A-BF2A4A676C2E}.Debug|x86.ActiveCfg = Debug|x86
		{A60B2230-8B9E-4EEB-8E1A-BF2A4A676C2E}.Debug|x86.Build.0 = Debug|x86
		{A60B2230-8B9E-4EEB-8E1A-BF2A4A676C2E}.Release|x86.ActiveCfg = Release|x86
		{A60B2230-8B9E-4EEB-8E1A-BF2A4A676C2E}.Release|x86.Build.0 = Release|x86
	EndGlobalSection
	GlobalSection(SolutionProperties) = preSolution
		HideSolutionNode = FALSE
	EndGlobalSection
EndGlobal
