
Microsoft Visual Studio Solution File, Format Version 11.00
# Visual Studio 2010
Project("{F184B08F-C81C-45F6-A57F-5ABD9991F28F}") = "DrawCards", "DrawCards\DrawCards.vbproj", "{E3042978-6EFE-4092-AD61-AC335F53487C}"
EndProject
Global
	GlobalSection(SolutionConfigurationPlatforms) = preSolution
		Debug|x86 = Debug|x86
		Release|x86 = Release|x86
	EndGlobalSection
	GlobalSection(ProjectConfigurationPlatforms) = postSolution
		{E3042978-6EFE-4092-AD61-AC335F53487C}.Debug|x86.ActiveCfg = Debug|x86
		{E3042978-6EFE-4092-AD61-AC335F53487C}.Debug|x86.Build.0 = Debug|x86
		{E3042978-6EFE-4092-AD61-AC335F53487C}.Release|x86.ActiveCfg = Release|x86
		{E3042978-6EFE-4092-AD61-AC335F53487C}.Release|x86.Build.0 = Release|x86
	EndGlobalSection
	GlobalSection(SolutionProperties) = preSolution
		HideSolutionNode = FALSE
	EndGlobalSection
EndGlobal
