
Microsoft Visual Studio Solution File, Format Version 11.00
# Visual Studio 2010
Project("{F184B08F-C81C-45F6-A57F-5ABD9991F28F}") = "FriendsArray", "FriendsArray\FriendsArray.vbproj", "{41A7B3CD-F23C-410A-B4DB-B3A8B86B9353}"
EndProject
Global
	GlobalSection(SolutionConfigurationPlatforms) = preSolution
		Debug|x86 = Debug|x86
		Release|x86 = Release|x86
	EndGlobalSection
	GlobalSection(ProjectConfigurationPlatforms) = postSolution
		{41A7B3CD-F23C-410A-B4DB-B3A8B86B9353}.Debug|x86.ActiveCfg = Debug|x86
		{41A7B3CD-F23C-410A-B4DB-B3A8B86B9353}.Debug|x86.Build.0 = Debug|x86
		{41A7B3CD-F23C-410A-B4DB-B3A8B86B9353}.Release|x86.ActiveCfg = Release|x86
		{41A7B3CD-F23C-410A-B4DB-B3A8B86B9353}.Release|x86.Build.0 = Release|x86
	EndGlobalSection
	GlobalSection(SolutionProperties) = preSolution
		HideSolutionNode = FALSE
	EndGlobalSection
EndGlobal
