
Microsoft Visual Studio Solution File, Format Version 11.00
# Visual Studio 2010
Project("{F184B08F-C81C-45F6-A57F-5ABD9991F28F}") = "RockPaperScissors Basic", "RockPaperScissors Basic\RockPaperScissors Basic.vbproj", "{CCFB0BE9-F83B-465C-A16A-D0BAC732B7E5}"
EndProject
Global
	GlobalSection(SolutionConfigurationPlatforms) = preSolution
		Debug|x86 = Debug|x86
		Release|x86 = Release|x86
	EndGlobalSection
	GlobalSection(ProjectConfigurationPlatforms) = postSolution
		{CCFB0BE9-F83B-465C-A16A-D0BAC732B7E5}.Debug|x86.ActiveCfg = Debug|x86
		{CCFB0BE9-F83B-465C-A16A-D0BAC732B7E5}.Debug|x86.Build.0 = Debug|x86
		{CCFB0BE9-F83B-465C-A16A-D0BAC732B7E5}.Release|x86.ActiveCfg = Release|x86
		{CCFB0BE9-F83B-465C-A16A-D0BAC732B7E5}.Release|x86.Build.0 = Release|x86
	EndGlobalSection
	GlobalSection(SolutionProperties) = preSolution
		HideSolutionNode = FALSE
	EndGlobalSection
EndGlobal
