
Microsoft Visual Studio Solution File, Format Version 11.00
# Visual Studio 2010
Project("{F184B08F-C81C-45F6-A57F-5ABD9991F28F}") = "Summing", "Summing\Summing.vbproj", "{C78C0AC5-7916-4437-80C8-5F5A289B074C}"
EndProject
Global
	GlobalSection(SolutionConfigurationPlatforms) = preSolution
		Debug|x86 = Debug|x86
		Release|x86 = Release|x86
	EndGlobalSection
	GlobalSection(ProjectConfigurationPlatforms) = postSolution
		{C78C0AC5-7916-4437-80C8-5F5A289B074C}.Debug|x86.ActiveCfg = Debug|x86
		{C78C0AC5-7916-4437-80C8-5F5A289B074C}.Debug|x86.Build.0 = Debug|x86
		{C78C0AC5-7916-4437-80C8-5F5A289B074C}.Release|x86.ActiveCfg = Release|x86
		{C78C0AC5-7916-4437-80C8-5F5A289B074C}.Release|x86.Build.0 = Release|x86
	EndGlobalSection
	GlobalSection(SolutionProperties) = preSolution
		HideSolutionNode = FALSE
	EndGlobalSection
EndGlobal
